
Microsoft Visual Studio Solution File, Format Version 12.00
# Visual Studio Version 17
VisualStudioVersion = 17.2.32505.173
MinimumVisualStudioVersion = 10.0.40219.1
Project("{FAE04EC0-301F-11D3-BF4B-00C04F79EFBC}") = "PrintMailExcel", "PrintMailExcel.csproj", "{17D0CF89-B39A-429D-ACB2-A9EB066A87AE}"
EndProject
Project("{FAE04EC0-301F-11D3-BF4B-00C04F79EFBC}") = "MailInboxApi", "MailInboxApi\MailInboxApi.csproj", "{E7CE136A-6BAB-4725-8D75-984BA931B644}"
EndProject
Global
	GlobalSection(SolutionConfigurationPlatforms) = preSolution
		Debug|Any CPU = Debug|Any CPU
		Release|Any CPU = Release|Any CPU
	EndGlobalSection
	GlobalSection(ProjectConfigurationPlatforms) = postSolution
		{17D0CF89-B39A-429D-ACB2-A9EB066A87AE}.Debug|Any CPU.ActiveCfg = Debug|Any CPU
		{17D0CF89-B39A-429D-ACB2-A9EB066A87AE}.Debug|Any CPU.Build.0 = Debug|Any CPU
		{17D0CF89-B39A-429D-ACB2-A9EB066A87AE}.Release|Any CPU.ActiveCfg = Release|Any CPU
		{17D0CF89-B39A-429D-ACB2-A9EB066A87AE}.Release|Any CPU.Build.0 = Release|Any CPU
		{E7CE136A-6BAB-4725-8D75-984BA931B644}.Debug|Any CPU.ActiveCfg = Debug|Any CPU
		{E7CE136A-6BAB-4725-8D75-984BA931B644}.Debug|Any CPU.Build.0 = Debug|Any CPU
		{E7CE136A-6BAB-4725-8D75-984BA931B644}.Release|Any CPU.ActiveCfg = Release|Any CPU
		{E7CE136A-6BAB-4725-8D75-984BA931B644}.Release|Any CPU.Build.0 = Release|Any CPU
	EndGlobalSection
	GlobalSection(SolutionProperties) = preSolution
		HideSolutionNode = FALSE
	EndGlobalSection
	GlobalSection(ExtensibilityGlobals) = postSolution
		SolutionGuid = {DC55C532-F32A-4CCC-A167-FF3EFB467904}
	EndGlobalSection
EndGlobal
